
Microsoft Visual Studio Solution File, Format Version 12.00
Project("{FAE04EC0-301F-11D3-BF4B-00C04F79EFBC}") = "FlowerRpg.Stats", "FlowerRpg.Stats\FlowerRpg.Stats.csproj", "{1DCFDD89-2316-4DA5-9D84-9AB2774E25D0}"
EndProject
Project("{FAE04EC0-301F-11D3-BF4B-00C04F79EFBC}") = "Tests", "Tests\Tests.csproj", "{69ED3685-C383-4813-BC84-DBC2A9D2784B}"
EndProject
Project("{FAE04EC0-301F-11D3-BF4B-00C04F79EFBC}") = "Benchmark", "Benchmark\Benchmark.csproj", "{E16726BE-829C-4679-8590-8A9D232A749F}"
EndProject
Global
	GlobalSection(SolutionConfigurationPlatforms) = preSolution
		Debug|Any CPU = Debug|Any CPU
		Release|Any CPU = Release|Any CPU
	EndGlobalSection
	GlobalSection(ProjectConfigurationPlatforms) = postSolution
		{1DCFDD89-2316-4DA5-9D84-9AB2774E25D0}.Debug|Any CPU.ActiveCfg = Debug|Any CPU
		{1DCFDD89-2316-4DA5-9D84-9AB2774E25D0}.Debug|Any CPU.Build.0 = Debug|Any CPU
		{1DCFDD89-2316-4DA5-9D84-9AB2774E25D0}.Release|Any CPU.ActiveCfg = Release|Any CPU
		{1DCFDD89-2316-4DA5-9D84-9AB2774E25D0}.Release|Any CPU.Build.0 = Release|Any CPU
		{69ED3685-C383-4813-BC84-DBC2A9D2784B}.Debug|Any CPU.ActiveCfg = Debug|Any CPU
		{69ED3685-C383-4813-BC84-DBC2A9D2784B}.Debug|Any CPU.Build.0 = Debug|Any CPU
		{69ED3685-C383-4813-BC84-DBC2A9D2784B}.Release|Any CPU.ActiveCfg = Release|Any CPU
		{69ED3685-C383-4813-BC84-DBC2A9D2784B}.Release|Any CPU.Build.0 = Release|Any CPU
		{E16726BE-829C-4679-8590-8A9D232A749F}.Debug|Any CPU.ActiveCfg = Debug|Any CPU
		{E16726BE-829C-4679-8590-8A9D232A749F}.Debug|Any CPU.Build.0 = Debug|Any CPU
		{E16726BE-829C-4679-8590-8A9D232A749F}.Release|Any CPU.ActiveCfg = Release|Any CPU
		{E16726BE-829C-4679-8590-8A9D232A749F}.Release|Any CPU.Build.0 = Release|Any CPU
	EndGlobalSection
EndGlobal
